
Microsoft Visual Studio Solution File, Format Version 12.00
# Visual Studio Version 16
VisualStudioVersion = 16.0.32228.343
MinimumVisualStudioVersion = 10.0.40219.1
Project("{FAE04EC0-301F-11D3-BF4B-00C04F79EFBC}") = "Login", "Login\Login.csproj", "{4FA6AD1D-F5B4-4656-AA38-B63FF6AE7C52}"
EndProject
Project("{FAE04EC0-301F-11D3-BF4B-00C04F79EFBC}") = "Test2", "Test2\Test2.csproj", "{CD090487-13C9-478B-96D6-E764C0FAB4E8}"
EndProject
Global
	GlobalSection(SolutionConfigurationPlatforms) = preSolution
		Debug|Any CPU = Debug|Any CPU
		Release|Any CPU = Release|Any CPU
	EndGlobalSection
	GlobalSection(ProjectConfigurationPlatforms) = postSolution
		{4FA6AD1D-F5B4-4656-AA38-B63FF6AE7C52}.Debug|Any CPU.ActiveCfg = Debug|Any CPU
		{4FA6AD1D-F5B4-4656-AA38-B63FF6AE7C52}.Debug|Any CPU.Build.0 = Debug|Any CPU
		{4FA6AD1D-F5B4-4656-AA38-B63FF6AE7C52}.Release|Any CPU.ActiveCfg = Release|Any CPU
		{4FA6AD1D-F5B4-4656-AA38-B63FF6AE7C52}.Release|Any CPU.Build.0 = Release|Any CPU
		{CD090487-13C9-478B-96D6-E764C0FAB4E8}.Debug|Any CPU.ActiveCfg = Debug|Any CPU
		{CD090487-13C9-478B-96D6-E764C0FAB4E8}.Debug|Any CPU.Build.0 = Debug|Any CPU
		{CD090487-13C9-478B-96D6-E764C0FAB4E8}.Release|Any CPU.ActiveCfg = Release|Any CPU
		{CD090487-13C9-478B-96D6-E764C0FAB4E8}.Release|Any CPU.Build.0 = Release|Any CPU
	EndGlobalSection
	GlobalSection(SolutionProperties) = preSolution
		HideSolutionNode = FALSE
	EndGlobalSection
	GlobalSection(ExtensibilityGlobals) = postSolution
		SolutionGuid = {9AAC5D66-A0D4-46F0-AA5C-850847AC8107}
	EndGlobalSection
EndGlobal
